
Microsoft Visual Studio Solution File, Format Version 12.00
# Visual Studio Version 17
VisualStudioVersion = 17.6.33723.286
MinimumVisualStudioVersion = 10.0.40219.1
Project("{8BC9CEB8-8B4A-11D0-8D11-00A0C91BC942}") = "R2Server", "R2Server\R2Server.vcxproj", "{55357449-64D6-47D6-9601-CA28D0DC96A4}"
EndProject
Global
	GlobalSection(SolutionConfigurationPlatforms) = preSolution
		Debug|x64 = Debug|x64
		Debug|x86 = Debug|x86
		Release|x64 = Release|x64
		Release|x86 = Release|x86
	EndGlobalSection
	GlobalSection(ProjectConfigurationPlatforms) = postSolution
		{55357449-64D6-47D6-9601-CA28D0DC96A4}.Debug|x64.ActiveCfg = Debug|x64
		{55357449-64D6-47D6-9601-CA28D0DC96A4}.Debug|x64.Build.0 = Debug|x64
		{55357449-64D6-47D6-9601-CA28D0DC96A4}.Debug|x86.ActiveCfg = Debug|Win32
		{55357449-64D6-47D6-9601-CA28D0DC96A4}.Debug|x86.Build.0 = Debug|Win32
		{55357449-64D6-47D6-9601-CA28D0DC96A4}.Release|x64.ActiveCfg = Release|x64
		{55357449-64D6-47D6-9601-CA28D0DC96A4}.Release|x64.Build.0 = Release|x64
		{55357449-64D6-47D6-9601-CA28D0DC96A4}.Release|x86.ActiveCfg = Release|Win32
		{55357449-64D6-47D6-9601-CA28D0DC96A4}.Release|x86.Build.0 = Release|Win32
	EndGlobalSection
	GlobalSection(SolutionProperties) = preSolution
		HideSolutionNode = FALSE
	EndGlobalSection
	GlobalSection(ExtensibilityGlobals) = postSolution
		SolutionGuid = {25767B7C-7167-45C4-A404-D1531D0B4643}
	EndGlobalSection
EndGlobal
